# This file is autogenerated, do not edit; changes may be undone by the next 'dep ensure'.


[[projects]]
  digest = "1:f913db46dd2604735e5fe8f08fcf1490509a208697b7d63ac301ff5a84ece948"
  name = "github.com/gizak/termui"
  packages = [
    "v3",
    "v3/drawille",
    "v3/widgets",
  ]
  pruneopts = "UT"
  revision = "4cca61d83fa2cc0f485c478ff768b0108f6591d6"
  version = "v3.1.0"

[[projects]]
  digest = "1:eb1bffab7260bf5ddc95fc2c41d4bfee1a4f5fe18194b3946fe8a9e9121a282f"
  name = "github.com/mattn/go-runewidth"
  packages = ["."]
  pruneopts = "UT"
  revision = "a4df4ddbff020e131056d91f580a1cdcd806e3ae"
  version = "v0.0.8"

[[projects]]
  digest = "1:abf08734a6527df70ed361d7c369fb580e6840d8f7a6012e5f609fdfd93b4e48"
  name = "github.com/mitchellh/go-wordwrap"
  packages = ["."]
  pruneopts = "UT"
  revision = "9e67c67572bc5dd02aef930e2b0ae3c02a4b5a5c"
  version = "v1.0.0"

[[projects]]
  branch = "master"
  digest = "1:f7fff9f0feaf7cc31981180fa02dc09fe11a4881b1b60f7e79b4c86a37389382"
  name = "github.com/nsf/termbox-go"
  packages = ["."]
  pruneopts = "UT"
  revision = "4d2b513ad8bee47a9a5a65b0dee0182049a31916"

[solve-meta]
  analyzer-name = "dep"
  analyzer-version = 1
  input-imports = [
    "github.com/gizak/termui/v3",
    "github.com/gizak/termui/v3/widgets",
  ]
  solver-name = "gps-cdcl"
  solver-version = 1
